{
  "name": "abner-channel-teste",
  "version": "1.0.0",
  "lockfileVersion": 1,
  "requires": true,
  "dependencies": {
    "abner-channel-youtube": {
      "version": "1.0.0",
      "resolved": "https://registry.npmjs.org/abner-channel-youtube/-/abner-channel-youtube-1.0.0.tgz",
      "integrity": "sha512-mKPMaytyfRY4/4xL+1l8Q6N0fPs+SiW4j9VL93PwFPsNMtK7lJCRUB7ndtvTZlCmQyAeWH6Uw96W9jvPk/cJag=="
    }
  }
}
